
Microsoft Visual Studio Solution File, Format Version 12.00
# Visual Studio Version 17
VisualStudioVersion = 17.2.32519.379
MinimumVisualStudioVersion = 10.0.40219.1
Project("{9A19103F-16F7-4668-BE54-9A1E7A4F7556}") = "APIMiddleware.Core", "APIMiddleware.Core\APIMiddleware.Core.csproj", "{E7C6D96A-DDB5-477E-92D7-3D6FEBE35639}"
EndProject
Project("{9A19103F-16F7-4668-BE54-9A1E7A4F7556}") = "APIMiddleware.Web", "APIMiddleware.Web\APIMiddleware.Web.csproj", "{8709154B-E492-4F05-9F97-C325F36FA9B0}"
EndProject
Project("{9A19103F-16F7-4668-BE54-9A1E7A4F7556}") = "APIMiddleware.Notification", "APIMiddleware.Notification\APIMiddleware.Notification.csproj", "{264A9FE6-7F24-43AC-9DE7-D0D0BCA7F863}"
EndProject
Project("{9A19103F-16F7-4668-BE54-9A1E7A4F7556}") = "SFDA", "SFDA\SFDA.csproj", "{FFF4F9BB-DCE5-48CA-B0AD-57D3AA7A9D10}"
EndProject
Project("{9A19103F-16F7-4668-BE54-9A1E7A4F7556}") = "ERP.VIDA.In", "ERP.VIDA.In\ERP.VIDA.In.csproj", "{28C2ADF3-0F5C-42E6-A022-2A56BA40C7B0}"
EndProject
Project("{9A19103F-16F7-4668-BE54-9A1E7A4F7556}") = "ERP.VIDA.Out", "ERP.VIDA.Out\ERP.VIDA.Out.csproj", "{64B5DAF8-2182-42AC-877B-193E3093D90E}"
EndProject
Project("{9A19103F-16F7-4668-BE54-9A1E7A4F7556}") = "HMGOnBaseIn", "HMGOnBaseIn\HMGOnBaseIn\HMGOnBaseIn.csproj", "{60F2D2AA-3C6A-48E5-AB80-8AB9F38D9FA3}"
EndProject
Project("{9A19103F-16F7-4668-BE54-9A1E7A4F7556}") = "HMGOnBaseOut", "HMGOnBaseOut\HMGOnBaseOut\HMGOnBaseOut.csproj", "{8D413C22-A0FB-4C16-A8F1-A7821A7DE71D}"
EndProject
Project("{9A19103F-16F7-4668-BE54-9A1E7A4F7556}") = "APIMiddleware.API", "APIMiddleware.API\APIMiddleware.API.csproj", "{CD62B2EE-F533-443A-A727-48B74B354583}"
EndProject
Project("{9A19103F-16F7-4668-BE54-9A1E7A4F7556}") = "MohemmOut", "MohemmOut\MohemmOut.csproj", "{89C2A9E5-C7FB-4B2F-8EB0-DD7416EB5C09}"
EndProject
Project("{9A19103F-16F7-4668-BE54-9A1E7A4F7556}") = "Promotions-Portal-In", "Promotions-Portal-In\Promotions-Portal-In.csproj", "{202CF7AA-CFB6-436E-A614-08005E417616}"
EndProject
Project("{9A19103F-16F7-4668-BE54-9A1E7A4F7556}") = "external-portal-in", "external-portal-in\external-portal-in.csproj", "{55EB4F5F-DA3B-487A-8C76-448BC05B436B}"
EndProject
Project("{9A19103F-16F7-4668-BE54-9A1E7A4F7556}") = "SFDA-PRODUCTION", "SFDA-PRODUCTION\SFDA-PRODUCTION.csproj", "{5E9D0F5C-BF03-4198-A0EC-EB596EF40BF9}"
EndProject
Project("{9A19103F-16F7-4668-BE54-9A1E7A4F7556}") = "elevatus-in", "elevatus-in\elevatus-in.csproj", "{02A1F051-6188-4A73-9531-90C835011151}"
EndProject
Project("{9A19103F-16F7-4668-BE54-9A1E7A4F7556}") = "elevatus-out", "elevatus-out\elevatus-out.csproj", "{05BD2F0C-F5B5-4EC6-9757-245F1BF9513C}"
EndProject
Project("{9A19103F-16F7-4668-BE54-9A1E7A4F7556}") = "Kyriba-Out", "Kyriba-Out\Kyriba-Out.csproj", "{6DE9D768-34EE-468B-97F3-5E5A08CF55CE}"
EndProject
Project("{9A19103F-16F7-4668-BE54-9A1E7A4F7556}") = "Electronic-Invoice-Out", "Electronic-Invoice-Out\Electronic-Invoice-Out.csproj", "{E52208B8-ECA6-4DC4-A28E-A5967CF15AEB}"
EndProject
Project("{FAE04EC0-301F-11D3-BF4B-00C04F79EFBC}") = "UblLarsen.Tools", "UblLarsen.Tools\UblLarsen.Tools.csproj", "{724CA043-499C-46C3-84AF-1355C036130F}"
EndProject
Project("{FAE04EC0-301F-11D3-BF4B-00C04F79EFBC}") = "UblLarsen.Ubl2", "UblLarsen.Ubl2\UblLarsen.Ubl2.csproj", "{B5BEB0F4-1D60-4079-847F-6120519E7B3B}"
EndProject
Project("{9A19103F-16F7-4668-BE54-9A1E7A4F7556}") = "ePharmacy-In", "ePharmacy-In\ePharmacy-In.csproj", "{5374D032-0BC4-4D10-A6B6-7C905A6181E6}"
EndProject
Project("{9A19103F-16F7-4668-BE54-9A1E7A4F7556}") = "ePharmacy-Out", "ePharmacy-Out\ePharmacy-Out.csproj", "{157D5423-5764-487D-8AD0-BEC53E6B2BC7}"
EndProject
Global
	GlobalSection(SolutionConfigurationPlatforms) = preSolution
		Debug|Any CPU = Debug|Any CPU
		Release|Any CPU = Release|Any CPU
	EndGlobalSection
	GlobalSection(ProjectConfigurationPlatforms) = postSolution
		{E7C6D96A-DDB5-477E-92D7-3D6FEBE35639}.Debug|Any CPU.ActiveCfg = Debug|Any CPU
		{E7C6D96A-DDB5-477E-92D7-3D6FEBE35639}.Debug|Any CPU.Build.0 = Debug|Any CPU
		{E7C6D96A-DDB5-477E-92D7-3D6FEBE35639}.Release|Any CPU.ActiveCfg = Release|Any CPU
		{E7C6D96A-DDB5-477E-92D7-3D6FEBE35639}.Release|Any CPU.Build.0 = Release|Any CPU
		{8709154B-E492-4F05-9F97-C325F36FA9B0}.Debug|Any CPU.ActiveCfg = Debug|Any CPU
		{8709154B-E492-4F05-9F97-C325F36FA9B0}.Debug|Any CPU.Build.0 = Debug|Any CPU
		{8709154B-E492-4F05-9F97-C325F36FA9B0}.Release|Any CPU.ActiveCfg = Release|Any CPU
		{8709154B-E492-4F05-9F97-C325F36FA9B0}.Release|Any CPU.Build.0 = Release|Any CPU
		{264A9FE6-7F24-43AC-9DE7-D0D0BCA7F863}.Debug|Any CPU.ActiveCfg = Debug|Any CPU
		{264A9FE6-7F24-43AC-9DE7-D0D0BCA7F863}.Debug|Any CPU.Build.0 = Debug|Any CPU
		{264A9FE6-7F24-43AC-9DE7-D0D0BCA7F863}.Release|Any CPU.ActiveCfg = Release|Any CPU
		{264A9FE6-7F24-43AC-9DE7-D0D0BCA7F863}.Release|Any CPU.Build.0 = Release|Any CPU
		{FFF4F9BB-DCE5-48CA-B0AD-57D3AA7A9D10}.Debug|Any CPU.ActiveCfg = Debug|Any CPU
		{FFF4F9BB-DCE5-48CA-B0AD-57D3AA7A9D10}.Debug|Any CPU.Build.0 = Debug|Any CPU
		{FFF4F9BB-DCE5-48CA-B0AD-57D3AA7A9D10}.Release|Any CPU.ActiveCfg = Release|Any CPU
		{FFF4F9BB-DCE5-48CA-B0AD-57D3AA7A9D10}.Release|Any CPU.Build.0 = Release|Any CPU
		{28C2ADF3-0F5C-42E6-A022-2A56BA40C7B0}.Debug|Any CPU.ActiveCfg = Debug|Any CPU
		{28C2ADF3-0F5C-42E6-A022-2A56BA40C7B0}.Debug|Any CPU.Build.0 = Debug|Any CPU
		{28C2ADF3-0F5C-42E6-A022-2A56BA40C7B0}.Release|Any CPU.ActiveCfg = Release|Any CPU
		{28C2ADF3-0F5C-42E6-A022-2A56BA40C7B0}.Release|Any CPU.Build.0 = Release|Any CPU
		{64B5DAF8-2182-42AC-877B-193E3093D90E}.Debug|Any CPU.ActiveCfg = Debug|Any CPU
		{64B5DAF8-2182-42AC-877B-193E3093D90E}.Debug|Any CPU.Build.0 = Debug|Any CPU
		{64B5DAF8-2182-42AC-877B-193E3093D90E}.Release|Any CPU.ActiveCfg = Release|Any CPU
		{64B5DAF8-2182-42AC-877B-193E3093D90E}.Release|Any CPU.Build.0 = Release|Any CPU
		{60F2D2AA-3C6A-48E5-AB80-8AB9F38D9FA3}.Debug|Any CPU.ActiveCfg = Debug|Any CPU
		{60F2D2AA-3C6A-48E5-AB80-8AB9F38D9FA3}.Debug|Any CPU.Build.0 = Debug|Any CPU
		{60F2D2AA-3C6A-48E5-AB80-8AB9F38D9FA3}.Release|Any CPU.ActiveCfg = Release|Any CPU
		{60F2D2AA-3C6A-48E5-AB80-8AB9F38D9FA3}.Release|Any CPU.Build.0 = Release|Any CPU
		{8D413C22-A0FB-4C16-A8F1-A7821A7DE71D}.Debug|Any CPU.ActiveCfg = Debug|Any CPU
		{8D413C22-A0FB-4C16-A8F1-A7821A7DE71D}.Debug|Any CPU.Build.0 = Debug|Any CPU
		{8D413C22-A0FB-4C16-A8F1-A7821A7DE71D}.Release|Any CPU.ActiveCfg = Release|Any CPU
		{8D413C22-A0FB-4C16-A8F1-A7821A7DE71D}.Release|Any CPU.Build.0 = Release|Any CPU
		{CD62B2EE-F533-443A-A727-48B74B354583}.Debug|Any CPU.ActiveCfg = Debug|Any CPU
		{CD62B2EE-F533-443A-A727-48B74B354583}.Debug|Any CPU.Build.0 = Debug|Any CPU
		{CD62B2EE-F533-443A-A727-48B74B354583}.Release|Any CPU.ActiveCfg = Release|Any CPU
		{CD62B2EE-F533-443A-A727-48B74B354583}.Release|Any CPU.Build.0 = Release|Any CPU
		{89C2A9E5-C7FB-4B2F-8EB0-DD7416EB5C09}.Debug|Any CPU.ActiveCfg = Debug|Any CPU
		{89C2A9E5-C7FB-4B2F-8EB0-DD7416EB5C09}.Debug|Any CPU.Build.0 = Debug|Any CPU
		{89C2A9E5-C7FB-4B2F-8EB0-DD7416EB5C09}.Release|Any CPU.ActiveCfg = Release|Any CPU
		{89C2A9E5-C7FB-4B2F-8EB0-DD7416EB5C09}.Release|Any CPU.Build.0 = Release|Any CPU
		{202CF7AA-CFB6-436E-A614-08005E417616}.Debug|Any CPU.ActiveCfg = Debug|Any CPU
		{202CF7AA-CFB6-436E-A614-08005E417616}.Debug|Any CPU.Build.0 = Debug|Any CPU
		{202CF7AA-CFB6-436E-A614-08005E417616}.Release|Any CPU.ActiveCfg = Release|Any CPU
		{202CF7AA-CFB6-436E-A614-08005E417616}.Release|Any CPU.Build.0 = Release|Any CPU
		{55EB4F5F-DA3B-487A-8C76-448BC05B436B}.Debug|Any CPU.ActiveCfg = Debug|Any CPU
		{55EB4F5F-DA3B-487A-8C76-448BC05B436B}.Debug|Any CPU.Build.0 = Debug|Any CPU
		{55EB4F5F-DA3B-487A-8C76-448BC05B436B}.Release|Any CPU.ActiveCfg = Release|Any CPU
		{55EB4F5F-DA3B-487A-8C76-448BC05B436B}.Release|Any CPU.Build.0 = Release|Any CPU
		{5E9D0F5C-BF03-4198-A0EC-EB596EF40BF9}.Debug|Any CPU.ActiveCfg = Debug|Any CPU
		{5E9D0F5C-BF03-4198-A0EC-EB596EF40BF9}.Debug|Any CPU.Build.0 = Debug|Any CPU
		{5E9D0F5C-BF03-4198-A0EC-EB596EF40BF9}.Release|Any CPU.ActiveCfg = Release|Any CPU
		{5E9D0F5C-BF03-4198-A0EC-EB596EF40BF9}.Release|Any CPU.Build.0 = Release|Any CPU
		{02A1F051-6188-4A73-9531-90C835011151}.Debug|Any CPU.ActiveCfg = Debug|Any CPU
		{02A1F051-6188-4A73-9531-90C835011151}.Debug|Any CPU.Build.0 = Debug|Any CPU
		{02A1F051-6188-4A73-9531-90C835011151}.Release|Any CPU.ActiveCfg = Release|Any CPU
		{02A1F051-6188-4A73-9531-90C835011151}.Release|Any CPU.Build.0 = Release|Any CPU
		{05BD2F0C-F5B5-4EC6-9757-245F1BF9513C}.Debug|Any CPU.ActiveCfg = Debug|Any CPU
		{05BD2F0C-F5B5-4EC6-9757-245F1BF9513C}.Debug|Any CPU.Build.0 = Debug|Any CPU
		{05BD2F0C-F5B5-4EC6-9757-245F1BF9513C}.Release|Any CPU.ActiveCfg = Release|Any CPU
		{05BD2F0C-F5B5-4EC6-9757-245F1BF9513C}.Release|Any CPU.Build.0 = Release|Any CPU
		{6DE9D768-34EE-468B-97F3-5E5A08CF55CE}.Debug|Any CPU.ActiveCfg = Debug|Any CPU
		{6DE9D768-34EE-468B-97F3-5E5A08CF55CE}.Debug|Any CPU.Build.0 = Debug|Any CPU
		{6DE9D768-34EE-468B-97F3-5E5A08CF55CE}.Release|Any CPU.ActiveCfg = Release|Any CPU
		{6DE9D768-34EE-468B-97F3-5E5A08CF55CE}.Release|Any CPU.Build.0 = Release|Any CPU
		{E52208B8-ECA6-4DC4-A28E-A5967CF15AEB}.Debug|Any CPU.ActiveCfg = Debug|Any CPU
		{E52208B8-ECA6-4DC4-A28E-A5967CF15AEB}.Debug|Any CPU.Build.0 = Debug|Any CPU
		{E52208B8-ECA6-4DC4-A28E-A5967CF15AEB}.Release|Any CPU.ActiveCfg = Release|Any CPU
		{E52208B8-ECA6-4DC4-A28E-A5967CF15AEB}.Release|Any CPU.Build.0 = Release|Any CPU
		{724CA043-499C-46C3-84AF-1355C036130F}.Debug|Any CPU.ActiveCfg = Debug|Any CPU
		{724CA043-499C-46C3-84AF-1355C036130F}.Debug|Any CPU.Build.0 = Debug|Any CPU
		{724CA043-499C-46C3-84AF-1355C036130F}.Release|Any CPU.ActiveCfg = Release|Any CPU
		{724CA043-499C-46C3-84AF-1355C036130F}.Release|Any CPU.Build.0 = Release|Any CPU
		{B5BEB0F4-1D60-4079-847F-6120519E7B3B}.Debug|Any CPU.ActiveCfg = Debug|Any CPU
		{B5BEB0F4-1D60-4079-847F-6120519E7B3B}.Debug|Any CPU.Build.0 = Debug|Any CPU
		{B5BEB0F4-1D60-4079-847F-6120519E7B3B}.Release|Any CPU.ActiveCfg = Release|Any CPU
		{B5BEB0F4-1D60-4079-847F-6120519E7B3B}.Release|Any CPU.Build.0 = Release|Any CPU
		{5374D032-0BC4-4D10-A6B6-7C905A6181E6}.Debug|Any CPU.ActiveCfg = Debug|Any CPU
		{5374D032-0BC4-4D10-A6B6-7C905A6181E6}.Debug|Any CPU.Build.0 = Debug|Any CPU
		{5374D032-0BC4-4D10-A6B6-7C905A6181E6}.Release|Any CPU.ActiveCfg = Release|Any CPU
		{5374D032-0BC4-4D10-A6B6-7C905A6181E6}.Release|Any CPU.Build.0 = Release|Any CPU
		{157D5423-5764-487D-8AD0-BEC53E6B2BC7}.Debug|Any CPU.ActiveCfg = Debug|Any CPU
		{157D5423-5764-487D-8AD0-BEC53E6B2BC7}.Debug|Any CPU.Build.0 = Debug|Any CPU
		{157D5423-5764-487D-8AD0-BEC53E6B2BC7}.Release|Any CPU.ActiveCfg = Release|Any CPU
		{157D5423-5764-487D-8AD0-BEC53E6B2BC7}.Release|Any CPU.Build.0 = Release|Any CPU
	EndGlobalSection
	GlobalSection(SolutionProperties) = preSolution
		HideSolutionNode = FALSE
	EndGlobalSection
	GlobalSection(ExtensibilityGlobals) = postSolution
		SolutionGuid = {BE1A4FFC-1C00-4022-9B09-9942734D5301}
	EndGlobalSection
EndGlobal
