
Microsoft Visual Studio Solution File, Format Version 12.00
# Visual Studio Version 16
VisualStudioVersion = 16.0.29519.181
MinimumVisualStudioVersion = 10.0.40219.1
Project("{FAE04EC0-301F-11D3-BF4B-00C04F79EFBC}") = "HMGOnBaseOut", "HMGOnBaseOut\HMGOnBaseOut.csproj", "{D6E59CC7-C10B-47FA-99FB-0DC8FA84AF0E}"
EndProject
Global
	GlobalSection(SolutionConfigurationPlatforms) = preSolution
		Debug|Any CPU = Debug|Any CPU
		Release|Any CPU = Release|Any CPU
	EndGlobalSection
	GlobalSection(ProjectConfigurationPlatforms) = postSolution
		{D6E59CC7-C10B-47FA-99FB-0DC8FA84AF0E}.Debug|Any CPU.ActiveCfg = Debug|Any CPU
		{D6E59CC7-C10B-47FA-99FB-0DC8FA84AF0E}.Debug|Any CPU.Build.0 = Debug|Any CPU
		{D6E59CC7-C10B-47FA-99FB-0DC8FA84AF0E}.Release|Any CPU.ActiveCfg = Release|Any CPU
		{D6E59CC7-C10B-47FA-99FB-0DC8FA84AF0E}.Release|Any CPU.Build.0 = Release|Any CPU
	EndGlobalSection
	GlobalSection(SolutionProperties) = preSolution
		HideSolutionNode = FALSE
	EndGlobalSection
	GlobalSection(ExtensibilityGlobals) = postSolution
		SolutionGuid = {3DD19B8E-B643-4E75-9ABD-6C73A7C60174}
	EndGlobalSection
EndGlobal
